
Microsoft Visual Studio Solution File, Format Version 12.00
# Visual Studio Version 17
VisualStudioVersion = 17.0.31903.59
MinimumVisualStudioVersion = 10.0.40219.1
Project("{FAE04EC0-301F-11D3-BF4B-00C04F79EFBC}") = "RockShop.Common.Models", "RockShop.Common.Models\RockShop.Common.Models.csproj", "{DFC6AAC2-B7A8-4859-B9A9-AB1D80D0AB0F}"
EndProject
Project("{FAE04EC0-301F-11D3-BF4B-00C04F79EFBC}") = "RockShop.Common.DataContext", "RockShop.Common.DataContext\RockShop.Common.DataContext.csproj", "{007757E4-5934-4E23-9EF3-BCF321684824}"
EndProject
Project("{FAE04EC0-301F-11D3-BF4B-00C04F79EFBC}") = "RockShop.Common.Models.Tests", "RockShop.Common.Models.Tests\RockShop.Common.Models.Tests.csproj", "{35AC87DE-D9E8-43AC-AA80-6E98A35486A3}"
EndProject
Project("{FAE04EC0-301F-11D3-BF4B-00C04F79EFBC}") = "RockShop.WebApi.Service", "RockShop.WebApi.Service\RockShop.WebApi.Service.csproj", "{5E945D4B-259D-4842-BEA7-9FB3502946F1}"
EndProject
Project("{FAE04EC0-301F-11D3-BF4B-00C04F79EFBC}") = "RockShop.WebApi.Client.Mvc", "RockShop.WebApi.Client.Mvc\RockShop.WebApi.Client.Mvc.csproj", "{E03441E0-6E53-4687-94B3-17F2A54B6BEA}"
EndProject
Project("{FAE04EC0-301F-11D3-BF4B-00C04F79EFBC}") = "RockShop.WebApi.Client.Console", "RockShop.WebApi.Client.Console\RockShop.WebApi.Client.Console.csproj", "{99848B75-90BC-42CB-B26B-D7F73AA925D4}"
EndProject
Project("{FAE04EC0-301F-11D3-BF4B-00C04F79EFBC}") = "RockShop.OData.Service", "RockShop.OData.Service\RockShop.OData.Service.csproj", "{61E6C314-9A3D-42A8-9A47-A98AA55688EB}"
EndProject
Project("{FAE04EC0-301F-11D3-BF4B-00C04F79EFBC}") = "RockShop.OData.Client.Mvc", "RockShop.OData.Client.Mvc\RockShop.OData.Client.Mvc.csproj", "{E27477A2-8DC8-4B30-8136-281004866EDD}"
EndProject
Project("{FAE04EC0-301F-11D3-BF4B-00C04F79EFBC}") = "RockShop.GraphQL", "RockShop.GraphQL\RockShop.GraphQL.csproj", "{7570E405-FFA0-4E98-93AC-86B86AA43ACF}"
EndProject
Project("{FAE04EC0-301F-11D3-BF4B-00C04F79EFBC}") = "RockShop.GraphQL.Client.Mvc", "RockShop.GraphQL.Client.Mvc\RockShop.GraphQL.Client.Mvc.csproj", "{BE3C973E-C5A5-430B-BDE4-E97752D93811}"
EndProject
Project("{FAE04EC0-301F-11D3-BF4B-00C04F79EFBC}") = "RockShop.GraphQL.Client.Console", "RockShop.GraphQL.Client.Console\RockShop.GraphQL.Client.Console.csproj", "{E6E5E8DD-D07C-4216-BCC5-7A53FC56A93E}"
EndProject
Project("{FAE04EC0-301F-11D3-BF4B-00C04F79EFBC}") = "RockShop.Grpc.Service", "RockShop.Grpc.Service\RockShop.Grpc.Service.csproj", "{B35B0B33-0682-4974-8B47-ABF5F5E245D9}"
EndProject
Project("{FAE04EC0-301F-11D3-BF4B-00C04F79EFBC}") = "RockShop.Grpc.Client.Mvc", "RockShop.Grpc.Client.Mvc\RockShop.Grpc.Client.Mvc.csproj", "{2F65DD70-E97C-4318-A5C4-A664CED1F547}"
EndProject
Project("{FAE04EC0-301F-11D3-BF4B-00C04F79EFBC}") = "RockShop.Grpc.Service.Json", "RockShop.Grpc.Service.Json\RockShop.Grpc.Service.Json.csproj", "{7B2A77B3-0006-427F-98CD-76BEFBD41CB7}"
EndProject
Project("{FAE04EC0-301F-11D3-BF4B-00C04F79EFBC}") = "RockShop.SignalR.App", "RockShop.SignalR.App\RockShop.SignalR.App.csproj", "{E11FD25C-69D6-49BB-BEB3-F5C01D47F20A}"
EndProject
Project("{FAE04EC0-301F-11D3-BF4B-00C04F79EFBC}") = "RockShop.SignalR.Client.Console", "RockShop.SignalR.Client.Console\RockShop.SignalR.Client.Console.csproj", "{85DA27B9-BC76-479C-A01D-F138C4C7B52F}"
EndProject
Project("{FAE04EC0-301F-11D3-BF4B-00C04F79EFBC}") = "RockShop.SignalR.Client.Console.Stream", "RockShop.SignalR.Client.Console.Stream\RockShop.SignalR.Client.Console.Stream.csproj", "{DF2C216D-6348-4BED-887E-E9DC9FB80118}"
EndProject
Global
	GlobalSection(SolutionConfigurationPlatforms) = preSolution
		Debug|Any CPU = Debug|Any CPU
		Release|Any CPU = Release|Any CPU
	EndGlobalSection
	GlobalSection(SolutionProperties) = preSolution
		HideSolutionNode = FALSE
	EndGlobalSection
	GlobalSection(ProjectConfigurationPlatforms) = postSolution
		{DFC6AAC2-B7A8-4859-B9A9-AB1D80D0AB0F}.Debug|Any CPU.ActiveCfg = Debug|Any CPU
		{DFC6AAC2-B7A8-4859-B9A9-AB1D80D0AB0F}.Debug|Any CPU.Build.0 = Debug|Any CPU
		{DFC6AAC2-B7A8-4859-B9A9-AB1D80D0AB0F}.Release|Any CPU.ActiveCfg = Release|Any CPU
		{DFC6AAC2-B7A8-4859-B9A9-AB1D80D0AB0F}.Release|Any CPU.Build.0 = Release|Any CPU
		{007757E4-5934-4E23-9EF3-BCF321684824}.Debug|Any CPU.ActiveCfg = Debug|Any CPU
		{007757E4-5934-4E23-9EF3-BCF321684824}.Debug|Any CPU.Build.0 = Debug|Any CPU
		{007757E4-5934-4E23-9EF3-BCF321684824}.Release|Any CPU.ActiveCfg = Release|Any CPU
		{007757E4-5934-4E23-9EF3-BCF321684824}.Release|Any CPU.Build.0 = Release|Any CPU
		{35AC87DE-D9E8-43AC-AA80-6E98A35486A3}.Debug|Any CPU.ActiveCfg = Debug|Any CPU
		{35AC87DE-D9E8-43AC-AA80-6E98A35486A3}.Debug|Any CPU.Build.0 = Debug|Any CPU
		{35AC87DE-D9E8-43AC-AA80-6E98A35486A3}.Release|Any CPU.ActiveCfg = Release|Any CPU
		{35AC87DE-D9E8-43AC-AA80-6E98A35486A3}.Release|Any CPU.Build.0 = Release|Any CPU
		{5E945D4B-259D-4842-BEA7-9FB3502946F1}.Debug|Any CPU.ActiveCfg = Debug|Any CPU
		{5E945D4B-259D-4842-BEA7-9FB3502946F1}.Debug|Any CPU.Build.0 = Debug|Any CPU
		{5E945D4B-259D-4842-BEA7-9FB3502946F1}.Release|Any CPU.ActiveCfg = Release|Any CPU
		{5E945D4B-259D-4842-BEA7-9FB3502946F1}.Release|Any CPU.Build.0 = Release|Any CPU
		{E03441E0-6E53-4687-94B3-17F2A54B6BEA}.Debug|Any CPU.ActiveCfg = Debug|Any CPU
		{E03441E0-6E53-4687-94B3-17F2A54B6BEA}.Debug|Any CPU.Build.0 = Debug|Any CPU
		{E03441E0-6E53-4687-94B3-17F2A54B6BEA}.Release|Any CPU.ActiveCfg = Release|Any CPU
		{E03441E0-6E53-4687-94B3-17F2A54B6BEA}.Release|Any CPU.Build.0 = Release|Any CPU
		{99848B75-90BC-42CB-B26B-D7F73AA925D4}.Debug|Any CPU.ActiveCfg = Debug|Any CPU
		{99848B75-90BC-42CB-B26B-D7F73AA925D4}.Debug|Any CPU.Build.0 = Debug|Any CPU
		{99848B75-90BC-42CB-B26B-D7F73AA925D4}.Release|Any CPU.ActiveCfg = Release|Any CPU
		{99848B75-90BC-42CB-B26B-D7F73AA925D4}.Release|Any CPU.Build.0 = Release|Any CPU
		{61E6C314-9A3D-42A8-9A47-A98AA55688EB}.Debug|Any CPU.ActiveCfg = Debug|Any CPU
		{61E6C314-9A3D-42A8-9A47-A98AA55688EB}.Debug|Any CPU.Build.0 = Debug|Any CPU
		{61E6C314-9A3D-42A8-9A47-A98AA55688EB}.Release|Any CPU.ActiveCfg = Release|Any CPU
		{61E6C314-9A3D-42A8-9A47-A98AA55688EB}.Release|Any CPU.Build.0 = Release|Any CPU
		{E27477A2-8DC8-4B30-8136-281004866EDD}.Debug|Any CPU.ActiveCfg = Debug|Any CPU
		{E27477A2-8DC8-4B30-8136-281004866EDD}.Debug|Any CPU.Build.0 = Debug|Any CPU
		{E27477A2-8DC8-4B30-8136-281004866EDD}.Release|Any CPU.ActiveCfg = Release|Any CPU
		{E27477A2-8DC8-4B30-8136-281004866EDD}.Release|Any CPU.Build.0 = Release|Any CPU
		{7570E405-FFA0-4E98-93AC-86B86AA43ACF}.Debug|Any CPU.ActiveCfg = Debug|Any CPU
		{7570E405-FFA0-4E98-93AC-86B86AA43ACF}.Debug|Any CPU.Build.0 = Debug|Any CPU
		{7570E405-FFA0-4E98-93AC-86B86AA43ACF}.Release|Any CPU.ActiveCfg = Release|Any CPU
		{7570E405-FFA0-4E98-93AC-86B86AA43ACF}.Release|Any CPU.Build.0 = Release|Any CPU
		{BE3C973E-C5A5-430B-BDE4-E97752D93811}.Debug|Any CPU.ActiveCfg = Debug|Any CPU
		{BE3C973E-C5A5-430B-BDE4-E97752D93811}.Debug|Any CPU.Build.0 = Debug|Any CPU
		{BE3C973E-C5A5-430B-BDE4-E97752D93811}.Release|Any CPU.ActiveCfg = Release|Any CPU
		{BE3C973E-C5A5-430B-BDE4-E97752D93811}.Release|Any CPU.Build.0 = Release|Any CPU
		{B4610DE7-F641-42C1-A42C-4A667E96CF73}.Debug|Any CPU.ActiveCfg = Debug|Any CPU
		{B4610DE7-F641-42C1-A42C-4A667E96CF73}.Debug|Any CPU.Build.0 = Debug|Any CPU
		{B4610DE7-F641-42C1-A42C-4A667E96CF73}.Release|Any CPU.ActiveCfg = Release|Any CPU
		{B4610DE7-F641-42C1-A42C-4A667E96CF73}.Release|Any CPU.Build.0 = Release|Any CPU
		{E6E5E8DD-D07C-4216-BCC5-7A53FC56A93E}.Debug|Any CPU.ActiveCfg = Debug|Any CPU
		{E6E5E8DD-D07C-4216-BCC5-7A53FC56A93E}.Debug|Any CPU.Build.0 = Debug|Any CPU
		{E6E5E8DD-D07C-4216-BCC5-7A53FC56A93E}.Release|Any CPU.ActiveCfg = Release|Any CPU
		{E6E5E8DD-D07C-4216-BCC5-7A53FC56A93E}.Release|Any CPU.Build.0 = Release|Any CPU
		{B35B0B33-0682-4974-8B47-ABF5F5E245D9}.Debug|Any CPU.ActiveCfg = Debug|Any CPU
		{B35B0B33-0682-4974-8B47-ABF5F5E245D9}.Debug|Any CPU.Build.0 = Debug|Any CPU
		{B35B0B33-0682-4974-8B47-ABF5F5E245D9}.Release|Any CPU.ActiveCfg = Release|Any CPU
		{B35B0B33-0682-4974-8B47-ABF5F5E245D9}.Release|Any CPU.Build.0 = Release|Any CPU
		{2F65DD70-E97C-4318-A5C4-A664CED1F547}.Debug|Any CPU.ActiveCfg = Debug|Any CPU
		{2F65DD70-E97C-4318-A5C4-A664CED1F547}.Debug|Any CPU.Build.0 = Debug|Any CPU
		{2F65DD70-E97C-4318-A5C4-A664CED1F547}.Release|Any CPU.ActiveCfg = Release|Any CPU
		{2F65DD70-E97C-4318-A5C4-A664CED1F547}.Release|Any CPU.Build.0 = Release|Any CPU
		{7B2A77B3-0006-427F-98CD-76BEFBD41CB7}.Debug|Any CPU.ActiveCfg = Debug|Any CPU
		{7B2A77B3-0006-427F-98CD-76BEFBD41CB7}.Debug|Any CPU.Build.0 = Debug|Any CPU
		{7B2A77B3-0006-427F-98CD-76BEFBD41CB7}.Release|Any CPU.ActiveCfg = Release|Any CPU
		{7B2A77B3-0006-427F-98CD-76BEFBD41CB7}.Release|Any CPU.Build.0 = Release|Any CPU
		{42DB6E2C-5E3E-41B6-BFA2-87CF19A3B884}.Debug|Any CPU.ActiveCfg = Debug|Any CPU
		{42DB6E2C-5E3E-41B6-BFA2-87CF19A3B884}.Debug|Any CPU.Build.0 = Debug|Any CPU
		{42DB6E2C-5E3E-41B6-BFA2-87CF19A3B884}.Release|Any CPU.ActiveCfg = Release|Any CPU
		{42DB6E2C-5E3E-41B6-BFA2-87CF19A3B884}.Release|Any CPU.Build.0 = Release|Any CPU
		{E11FD25C-69D6-49BB-BEB3-F5C01D47F20A}.Debug|Any CPU.ActiveCfg = Debug|Any CPU
		{E11FD25C-69D6-49BB-BEB3-F5C01D47F20A}.Debug|Any CPU.Build.0 = Debug|Any CPU
		{E11FD25C-69D6-49BB-BEB3-F5C01D47F20A}.Release|Any CPU.ActiveCfg = Release|Any CPU
		{E11FD25C-69D6-49BB-BEB3-F5C01D47F20A}.Release|Any CPU.Build.0 = Release|Any CPU
		{85DA27B9-BC76-479C-A01D-F138C4C7B52F}.Debug|Any CPU.ActiveCfg = Debug|Any CPU
		{85DA27B9-BC76-479C-A01D-F138C4C7B52F}.Debug|Any CPU.Build.0 = Debug|Any CPU
		{85DA27B9-BC76-479C-A01D-F138C4C7B52F}.Release|Any CPU.ActiveCfg = Release|Any CPU
		{85DA27B9-BC76-479C-A01D-F138C4C7B52F}.Release|Any CPU.Build.0 = Release|Any CPU
		{DF2C216D-6348-4BED-887E-E9DC9FB80118}.Debug|Any CPU.ActiveCfg = Debug|Any CPU
		{DF2C216D-6348-4BED-887E-E9DC9FB80118}.Debug|Any CPU.Build.0 = Debug|Any CPU
		{DF2C216D-6348-4BED-887E-E9DC9FB80118}.Release|Any CPU.ActiveCfg = Release|Any CPU
		{DF2C216D-6348-4BED-887E-E9DC9FB80118}.Release|Any CPU.Build.0 = Release|Any CPU
	EndGlobalSection
EndGlobal
